
Microsoft Visual Studio Solution File, Format Version 12.00
# Visual Studio Version 16
VisualStudioVersion = 16.0.31624.102
MinimumVisualStudioVersion = 10.0.40219.1
Project("{FAE04EC0-301F-11D3-BF4B-00C04F79EFBC}") = "TableCreator", "TableCreator.csproj", "{1ABA2936-68E4-451E-8AC7-1734F2DEB91C}"
EndProject
Global
	GlobalSection(SolutionConfigurationPlatforms) = preSolution
		Debug|Any CPU = Debug|Any CPU
		Release|Any CPU = Release|Any CPU
	EndGlobalSection
	GlobalSection(ProjectConfigurationPlatforms) = postSolution
		{1ABA2936-68E4-451E-8AC7-1734F2DEB91C}.Debug|Any CPU.ActiveCfg = Debug|Any CPU
		{1ABA2936-68E4-451E-8AC7-1734F2DEB91C}.Debug|Any CPU.Build.0 = Debug|Any CPU
		{1ABA2936-68E4-451E-8AC7-1734F2DEB91C}.Release|Any CPU.ActiveCfg = Release|Any CPU
		{1ABA2936-68E4-451E-8AC7-1734F2DEB91C}.Release|Any CPU.Build.0 = Release|Any CPU
	EndGlobalSection
	GlobalSection(SolutionProperties) = preSolution
		HideSolutionNode = FALSE
	EndGlobalSection
	GlobalSection(ExtensibilityGlobals) = postSolution
		SolutionGuid = {9806BC18-7692-4855-BF2B-B770E691BBC1}
	EndGlobalSection
EndGlobal
